github.com/google/brotli/go/cbrotli v1.1.0 h1:YwHD/rwSgUSL4b2S3ZM2jnNymm+tmwKQqjUIC63nmHU=
github.com/google/brotli/go/cbrotli v1.1.0/go.mod h1:nOPhAkwVliJdNTkj3gXpljmWhjc4wCaVqbMJcPKWP4s=
github.com/yuin/goldmark v1.7.16 h1:n+CJdUxaFMiDUNnWC3dMWCIQJSkxH4uz3ZwQBkAlVNE=
github.com/yuin/goldmark v1.7.16/go.mod h1:ip/1k0VRfGynBgxOz0yCqHrbZXhcjxyuS66Brc7iBKg=
